
Microsoft Visual Studio Solution File, Format Version 12.00
# Visual Studio Version 16
VisualStudioVersion = 16.0.29215.179
MinimumVisualStudioVersion = 10.0.40219.1
Project("{FAE04EC0-301F-11D3-BF4B-00C04F79EFBC}") = "COMP229-F2019-PartyInvites", "COMP229-F2019-PartyInvites\COMP229-F2019-PartyInvites.csproj", "{1D856A77-7ABA-4329-BCD8-845171D8341D}"
EndProject
Global
	GlobalSection(SolutionConfigurationPlatforms) = preSolution
		Debug|Any CPU = Debug|Any CPU
		Release|Any CPU = Release|Any CPU
	EndGlobalSection
	GlobalSection(ProjectConfigurationPlatforms) = postSolution
		{1D856A77-7ABA-4329-BCD8-845171D8341D}.Debug|Any CPU.ActiveCfg = Debug|Any CPU
		{1D856A77-7ABA-4329-BCD8-845171D8341D}.Debug|Any CPU.Build.0 = Debug|Any CPU
		{1D856A77-7ABA-4329-BCD8-845171D8341D}.Release|Any CPU.ActiveCfg = Release|Any CPU
		{1D856A77-7ABA-4329-BCD8-845171D8341D}.Release|Any CPU.Build.0 = Release|Any CPU
	EndGlobalSection
	GlobalSection(SolutionProperties) = preSolution
		HideSolutionNode = FALSE
	EndGlobalSection
	GlobalSection(ExtensibilityGlobals) = postSolution
		SolutionGuid = {BD247EFA-B471-4E82-B5A7-B5F2C3BCE0D0}
	EndGlobalSection
EndGlobal
